{
  "name": "protector-dashboard",
  "version": "0.0.0",
  "lockfileVersion": 3,
  "requires": true,
  "packages": {
    "": {
      "name": "protector-dashboard",
      "version": "0.0.0",
      "license": "UNLICENSED",
      "dependencies": {
        "esbuild-wasm": "0.25.10",
        "preact": "10.29.7"
      }
    },
    "node_modules/esbuild-wasm": {
      "version": "0.25.10",
      "resolved": "https://registry.npmjs.org/esbuild-wasm/-/esbuild-wasm-0.25.10.tgz",
      "integrity": "sha512-IyyfrTA2iiOh/uhlaJj0aUDgW42lFhr29ZeKouVNOz/8mLyuqWbEuVst+B4RBH18pb3AcOHnaOgyskAbsVOe3A==",
      "license": "MIT",
      "bin": {
        "esbuild": "bin/esbuild"
      },
      "engines": {
        "node": ">=18"
      }
    },
    "node_modules/preact": {
      "version": "10.29.7",
      "resolved": "https://registry.npmjs.org/preact/-/preact-10.29.7.tgz",
      "integrity": "sha512-DCHYrK/B10yUD3ZjLfhZ3WIE/9Vf9VFUODcRE2dRomTYDpJk6z6L9wecSfhfE6M9ZTHUdyQkoC46arIDhEV84Q==",
      "license": "MIT",
      "funding": {
        "type": "opencollective",
        "url": "https://opencollective.com/preact"
      },
      "peerDependencies": {
        "preact-render-to-string": ">=5"
      },
      "peerDependenciesMeta": {
        "preact-render-to-string": {
          "optional": true
        }
      }
    }
  }
}
